
Microsoft Visual Studio Solution File, Format Version 12.00
# Visual Studio Version 17
VisualStudioVersion = 17.10.35122.118
MinimumVisualStudioVersion = 10.0.40219.1
Project("{FAE04EC0-301F-11D3-BF4B-00C04F79EFBC}") = "FantasicFelinesFinal", "FantasicFelinesFinal\FantasicFelinesFinal.csproj", "{71740BA8-CF87-4A5D-B7AE-627E8EC422EE}"
EndProject
Global
	GlobalSection(SolutionConfigurationPlatforms) = preSolution
		Debug|Any CPU = Debug|Any CPU
		Release|Any CPU = Release|Any CPU
	EndGlobalSection
	GlobalSection(ProjectConfigurationPlatforms) = postSolution
		{71740BA8-CF87-4A5D-B7AE-627E8EC422EE}.Debug|Any CPU.ActiveCfg = Debug|Any CPU
		{71740BA8-CF87-4A5D-B7AE-627E8EC422EE}.Debug|Any CPU.Build.0 = Debug|Any CPU
		{71740BA8-CF87-4A5D-B7AE-627E8EC422EE}.Release|Any CPU.ActiveCfg = Release|Any CPU
		{71740BA8-CF87-4A5D-B7AE-627E8EC422EE}.Release|Any CPU.Build.0 = Release|Any CPU
	EndGlobalSection
	GlobalSection(SolutionProperties) = preSolution
		HideSolutionNode = FALSE
	EndGlobalSection
	GlobalSection(ExtensibilityGlobals) = postSolution
		SolutionGuid = {8D4C4302-094B-4EBB-979B-AD0C57C18975}
	EndGlobalSection
EndGlobal
